schema: '2.0'
stages:
  get_data:
    cmd: python3 scripts/data.py
    deps:
    - path: scripts/data.py
      hash: md5
      md5: b2314ae10288c0ae88307c0d9942e45e
      size: 1531
    params:
      params.yaml:
        index_col: customer_id
        retrain: false
    outs:
    - path: data/initial_data.csv
      hash: md5
      md5: 5610867e8ba2636eb6d32e31606c2c1c
      size: 822095
      cloud:
        my_storage:
          etag: 5610867e8ba2636eb6d32e31606c2c1c
          version_id: 000633D302C2936C
  fit_model:
    cmd: python3 scripts/fit.py
    deps:
    - path: data/initial_data.csv
      hash: md5
      md5: 5610867e8ba2636eb6d32e31606c2c1c
      size: 822095
    - path: scripts/fit.py
      hash: md5
      md5: 361aeee6a20849847c745d7e905bbdfa
      size: 2771
    params:
      params.yaml:
        auto_class_weights: Balanced
        index_col: customer_id
        one_hot_drop: if_binary
        target_col: target
    outs:
    - path: models/fitted_model.pkl
      hash: md5
      md5: 03ae7ea9e1af5d660df15568332af749
      size: 1124274
      cloud:
        my_storage:
          etag: 03ae7ea9e1af5d660df15568332af749
          version_id: 000633D3291E3085
  evaluate_model:
    cmd: python3 scripts/evaluate.py
    deps:
    - path: models/fitted_model.pkl
      hash: md5
      md5: 03ae7ea9e1af5d660df15568332af749
      size: 1124274
    - path: scripts/evaluate.py
      hash: md5
      md5: eb325a4b189d7877c55d55b1c09acad3
      size: 969
    params:
      params.yaml:
        index_col: customer_id
        metrics:
        - f1
        - roc_auc
        n_jobs: -1
        n_splits: 5
        target_col: target
    outs:
    - path: cv_results/cv_res.json
      hash: md5
      md5: b7e0bb9f3887dad66f11cf443c156b1c
      size: 95
      cloud:
        my_storage:
          etag: b7e0bb9f3887dad66f11cf443c156b1c
          version_id: 000633D3291D2D6E
